
Microsoft Visual Studio Solution File, Format Version 12.00
# Visual Studio Version 17
VisualStudioVersion = 17.9.34607.119
MinimumVisualStudioVersion = 10.0.40219.1
Project("{9A19103F-16F7-4668-BE54-9A1E7A4F7556}") = "KindleMate2", "KindleMate2\KindleMate2.csproj", "{1EB1AF1A-FEFB-48A7-BF4D-08BABAF1FB6E}"
EndProject
Project("{FAE04EC0-301F-11D3-BF4B-00C04F79EFBC}") = "KindleMate2_WPF", "KindleMate2_WPF\KindleMate2_WPF.csproj", "{2904F7CF-5FE1-48BB-A332-5AD1B914DA9A}"
EndProject
Global
	GlobalSection(SolutionConfigurationPlatforms) = preSolution
		Debug|Any CPU = Debug|Any CPU
		Release|Any CPU = Release|Any CPU
	EndGlobalSection
	GlobalSection(ProjectConfigurationPlatforms) = postSolution
		{1EB1AF1A-FEFB-48A7-BF4D-08BABAF1FB6E}.Debug|Any CPU.ActiveCfg = Debug|Any CPU
		{1EB1AF1A-FEFB-48A7-BF4D-08BABAF1FB6E}.Debug|Any CPU.Build.0 = Debug|Any CPU
		{1EB1AF1A-FEFB-48A7-BF4D-08BABAF1FB6E}.Release|Any CPU.ActiveCfg = Release|Any CPU
		{1EB1AF1A-FEFB-48A7-BF4D-08BABAF1FB6E}.Release|Any CPU.Build.0 = Release|Any CPU
		{2904F7CF-5FE1-48BB-A332-5AD1B914DA9A}.Debug|Any CPU.ActiveCfg = Debug|Any CPU
		{2904F7CF-5FE1-48BB-A332-5AD1B914DA9A}.Debug|Any CPU.Build.0 = Debug|Any CPU
		{2904F7CF-5FE1-48BB-A332-5AD1B914DA9A}.Release|Any CPU.ActiveCfg = Release|Any CPU
		{2904F7CF-5FE1-48BB-A332-5AD1B914DA9A}.Release|Any CPU.Build.0 = Release|Any CPU
	EndGlobalSection
	GlobalSection(SolutionProperties) = preSolution
		HideSolutionNode = FALSE
	EndGlobalSection
	GlobalSection(ExtensibilityGlobals) = postSolution
		SolutionGuid = {E4BBDF83-CC29-4B38-91F1-F367BEB8C442}
	EndGlobalSection
EndGlobal
