
Microsoft Visual Studio Solution File, Format Version 12.00
# Visual Studio Version 17
VisualStudioVersion = 17.9.34607.119
MinimumVisualStudioVersion = 10.0.40219.1
Project("{9A19103F-16F7-4668-BE54-9A1E7A4F7556}") = "KindleMate2", "KindleMate2\KindleMate2.csproj", "{1EB1AF1A-FEFB-48A7-BF4D-08BABAF1FB6E}"
EndProject
Project("{FAE04EC0-301F-11D3-BF4B-00C04F79EFBC}") = "KindleMate2.Infrastructure", "KindleMate2.Infrastructure\KindleMate2.Infrastructure.csproj", "{F535E924-61B0-432D-A4EC-0236BD247B6D}"
EndProject
Project("{FAE04EC0-301F-11D3-BF4B-00C04F79EFBC}") = "KindleMate2.Domain", "KindleMate2.Domain\KindleMate2.Domain.csproj", "{4819A35A-34C2-46EA-AB5A-C50E0C196706}"
EndProject
Project("{FAE04EC0-301F-11D3-BF4B-00C04F79EFBC}") = "KindleMate2.Application", "KindleMate2.Application\KindleMate2.Application.csproj", "{491D1939-B327-4EF3-BAFC-C2EF3456442E}"
EndProject
Project("{FAE04EC0-301F-11D3-BF4B-00C04F79EFBC}") = "KindleMate2.Shared", "KindleMate2.Shared\KindleMate2.Shared.csproj", "{97733796-C5CA-4E81-8616-A1B2D39F1165}"
EndProject
Project("{FAE04EC0-301F-11D3-BF4B-00C04F79EFBC}") = "DarkModeForms", "DarkModeForms\src\DarkModeForms\DarkModeForms.csproj", "{1F8E5BE1-65F6-0BB8-B3D1-54471C3BC8DB}"
EndProject
Global
	GlobalSection(SolutionConfigurationPlatforms) = preSolution
		Debug|Any CPU = Debug|Any CPU
		Release|Any CPU = Release|Any CPU
	EndGlobalSection
	GlobalSection(ProjectConfigurationPlatforms) = postSolution
		{1EB1AF1A-FEFB-48A7-BF4D-08BABAF1FB6E}.Debug|Any CPU.ActiveCfg = Debug|Any CPU
		{1EB1AF1A-FEFB-48A7-BF4D-08BABAF1FB6E}.Debug|Any CPU.Build.0 = Debug|Any CPU
		{1EB1AF1A-FEFB-48A7-BF4D-08BABAF1FB6E}.Release|Any CPU.ActiveCfg = Release|Any CPU
		{1EB1AF1A-FEFB-48A7-BF4D-08BABAF1FB6E}.Release|Any CPU.Build.0 = Release|Any CPU
		{F535E924-61B0-432D-A4EC-0236BD247B6D}.Debug|Any CPU.ActiveCfg = Debug|Any CPU
		{F535E924-61B0-432D-A4EC-0236BD247B6D}.Debug|Any CPU.Build.0 = Debug|Any CPU
		{F535E924-61B0-432D-A4EC-0236BD247B6D}.Release|Any CPU.ActiveCfg = Release|Any CPU
		{F535E924-61B0-432D-A4EC-0236BD247B6D}.Release|Any CPU.Build.0 = Release|Any CPU
		{4819A35A-34C2-46EA-AB5A-C50E0C196706}.Debug|Any CPU.ActiveCfg = Debug|Any CPU
		{4819A35A-34C2-46EA-AB5A-C50E0C196706}.Debug|Any CPU.Build.0 = Debug|Any CPU
		{4819A35A-34C2-46EA-AB5A-C50E0C196706}.Release|Any CPU.ActiveCfg = Release|Any CPU
		{4819A35A-34C2-46EA-AB5A-C50E0C196706}.Release|Any CPU.Build.0 = Release|Any CPU
		{491D1939-B327-4EF3-BAFC-C2EF3456442E}.Debug|Any CPU.ActiveCfg = Debug|Any CPU
		{491D1939-B327-4EF3-BAFC-C2EF3456442E}.Debug|Any CPU.Build.0 = Debug|Any CPU
		{491D1939-B327-4EF3-BAFC-C2EF3456442E}.Release|Any CPU.ActiveCfg = Release|Any CPU
		{491D1939-B327-4EF3-BAFC-C2EF3456442E}.Release|Any CPU.Build.0 = Release|Any CPU
		{97733796-C5CA-4E81-8616-A1B2D39F1165}.Debug|Any CPU.ActiveCfg = Debug|Any CPU
		{97733796-C5CA-4E81-8616-A1B2D39F1165}.Debug|Any CPU.Build.0 = Debug|Any CPU
		{97733796-C5CA-4E81-8616-A1B2D39F1165}.Release|Any CPU.ActiveCfg = Release|Any CPU
		{97733796-C5CA-4E81-8616-A1B2D39F1165}.Release|Any CPU.Build.0 = Release|Any CPU
		{1F8E5BE1-65F6-0BB8-B3D1-54471C3BC8DB}.Debug|Any CPU.ActiveCfg = Debug|Any CPU
		{1F8E5BE1-65F6-0BB8-B3D1-54471C3BC8DB}.Debug|Any CPU.Build.0 = Debug|Any CPU
		{1F8E5BE1-65F6-0BB8-B3D1-54471C3BC8DB}.Release|Any CPU.ActiveCfg = Release|Any CPU
		{1F8E5BE1-65F6-0BB8-B3D1-54471C3BC8DB}.Release|Any CPU.Build.0 = Release|Any CPU
	EndGlobalSection
	GlobalSection(SolutionProperties) = preSolution
		HideSolutionNode = FALSE
	EndGlobalSection
	GlobalSection(ExtensibilityGlobals) = postSolution
		SolutionGuid = {E4BBDF83-CC29-4B38-91F1-F367BEB8C442}
	EndGlobalSection
EndGlobal
